
Microsoft Visual Studio Solution File, Format Version 12.00
Project("{FAE04EC0-301F-11D3-BF4B-00C04F79EFBC}") = "9", "9\9.csproj", "{306E6D80-2EBE-4A31-AD28-116FC8AE6708}"
EndProject
Global
	GlobalSection(SolutionConfigurationPlatforms) = preSolution
		Debug|Any CPU = Debug|Any CPU
		Release|Any CPU = Release|Any CPU
	EndGlobalSection
	GlobalSection(ProjectConfigurationPlatforms) = postSolution
		{306E6D80-2EBE-4A31-AD28-116FC8AE6708}.Debug|Any CPU.ActiveCfg = Debug|Any CPU
		{306E6D80-2EBE-4A31-AD28-116FC8AE6708}.Debug|Any CPU.Build.0 = Debug|Any CPU
		{306E6D80-2EBE-4A31-AD28-116FC8AE6708}.Release|Any CPU.ActiveCfg = Release|Any CPU
		{306E6D80-2EBE-4A31-AD28-116FC8AE6708}.Release|Any CPU.Build.0 = Release|Any CPU
	EndGlobalSection
EndGlobal
