
Microsoft Visual Studio Solution File, Format Version 12.00
Project("{FAE04EC0-301F-11D3-BF4B-00C04F79EFBC}") = "17", "17\17.csproj", "{D532080F-225A-45E8-8B12-D1745B4C5E33}"
EndProject
Global
	GlobalSection(SolutionConfigurationPlatforms) = preSolution
		Debug|Any CPU = Debug|Any CPU
		Release|Any CPU = Release|Any CPU
	EndGlobalSection
	GlobalSection(ProjectConfigurationPlatforms) = postSolution
		{D532080F-225A-45E8-8B12-D1745B4C5E33}.Debug|Any CPU.ActiveCfg = Debug|Any CPU
		{D532080F-225A-45E8-8B12-D1745B4C5E33}.Debug|Any CPU.Build.0 = Debug|Any CPU
		{D532080F-225A-45E8-8B12-D1745B4C5E33}.Release|Any CPU.ActiveCfg = Release|Any CPU
		{D532080F-225A-45E8-8B12-D1745B4C5E33}.Release|Any CPU.Build.0 = Release|Any CPU
	EndGlobalSection
EndGlobal
