
Microsoft Visual Studio Solution File, Format Version 12.00
Project("{FAE04EC0-301F-11D3-BF4B-00C04F79EFBC}") = "35", "35\35.csproj", "{EB7A53FB-0695-4D08-AABC-C061FE25FB7D}"
EndProject
Global
	GlobalSection(SolutionConfigurationPlatforms) = preSolution
		Debug|Any CPU = Debug|Any CPU
		Release|Any CPU = Release|Any CPU
	EndGlobalSection
	GlobalSection(ProjectConfigurationPlatforms) = postSolution
		{EB7A53FB-0695-4D08-AABC-C061FE25FB7D}.Debug|Any CPU.ActiveCfg = Debug|Any CPU
		{EB7A53FB-0695-4D08-AABC-C061FE25FB7D}.Debug|Any CPU.Build.0 = Debug|Any CPU
		{EB7A53FB-0695-4D08-AABC-C061FE25FB7D}.Release|Any CPU.ActiveCfg = Release|Any CPU
		{EB7A53FB-0695-4D08-AABC-C061FE25FB7D}.Release|Any CPU.Build.0 = Release|Any CPU
	EndGlobalSection
EndGlobal
